// !$*UTF8*$!
{
	archiveVersion = 1;
	classes = {
	};
	objectVersion = 46;
	objects = {

/* Begin PBXBuildFile section */
		3F5640FB22E27B0300CCA263 /* AppDelegate.swift in Sources */ = {isa = PBXBuildFile; fileRef = 3F5640FA22E27B0300CCA263 /* AppDelegate.swift */; };
		3F5640FD22E27B0300CCA263 /* ViewController.swift in Sources */ = {isa = PBXBuildFile; fileRef = 3F5640FC22E27B0300CCA263 /* ViewController.swift */; };
		3F56410022E27B0300CCA263 /* Main.storyboard in Resources */ = {isa = PBXBuildFile; fileRef = 3F5640FE22E27B0300CCA263 /* Main.storyboard */; };
		3F56410222E27B0300CCA263 /* Assets.xcassets in Resources */ = {isa = PBXBuildFile; fileRef = 3F56410122E27B0300CCA263 /* Assets.xcassets */; };
		3F56410522E27B0400CCA263 /* LaunchScreen.storyboard in Resources */ = {isa = PBXBuildFile; fileRef = 3F56410322E27B0400CCA263 /* LaunchScreen.storyboard */; };
		3F56411022E2813300CCA263 /* AnimalTableViewController.swift in Sources */ = {isa = PBXBuildFile; fileRef = 3F56410F22E2813300CCA263 /* AnimalTableViewController.swift */; };
		3F56411222E2818800CCA263 /* AnimalTableViewCell.swift in Sources */ = {isa = PBXBuildFile; fileRef = 3F56411122E2818800CCA263 /* AnimalTableViewCell.swift */; };
		3F56411622E2821900CCA263 /* Animal.swift in Sources */ = {isa = PBXBuildFile; fileRef = 3F56411522E2821900CCA263 /* Animal.swift */; };
/* End PBXBuildFile section */

/* Begin PBXFileReference section */
		3F5640F722E27B0300CCA263 /* AulaTableView.app */ = {isa = PBXFileReference; explicitFileType = wrapper.application; includeInIndex = 0; path = AulaTableView.app; sourceTree = BUILT_PRODUCTS_DIR; };
		3F5640FA22E27B0300CCA263 /* AppDelegate.swift */ = {isa = PBXFileReference; lastKnownFileType = sourcecode.swift; path = AppDelegate.swift; sourceTree = "<group>"; };
		3F5640FC22E27B0300CCA263 /* ViewController.swift */ = {isa = PBXFileReference; lastKnownFileType = sourcecode.swift; path = ViewController.swift; sourceTree = "<group>"; };
		3F5640FF22E27B0300CCA263 /* Base */ = {isa = PBXFileReference; lastKnownFileType = file.storyboard; name = Base; path = Base.lproj/Main.storyboard; sourceTree = "<group>"; };
		3F56410122E27B0300CCA263 /* Assets.xcassets */ = {isa = PBXFileReference; lastKnownFileType = folder.assetcatalog; path = Assets.xcassets; sourceTree = "<group>"; };
		3F56410422E27B0400CCA263 /* Base */ = {isa = PBXFileReference; lastKnownFileType = file.storyboard; name = Base; path = Base.lproj/LaunchScreen.storyboard; sourceTree = "<group>"; };
		3F56410622E27B0400CCA263 /* Info.plist */ = {isa = PBXFileReference; lastKnownFileType = text.plist.xml; path = Info.plist; sourceTree = "<group>"; };
		3F56410F22E2813300CCA263 /* AnimalTableViewController.swift */ = {isa = PBXFileReference; fileEncoding = 4; lastKnownFileType = sourcecode.swift; path = AnimalTableViewController.swift; sourceTree = "<group>"; };
		3F56411122E2818800CCA263 /* AnimalTableViewCell.swift */ = {isa = PBXFileReference; fileEncoding = 4; lastKnownFileType = sourcecode.swift; path = AnimalTableViewCell.swift; sourceTree = "<group>"; };
		3F56411522E2821900CCA263 /* Animal.swift */ = {isa = PBXFileReference; fileEncoding = 4; lastKnownFileType = sourcecode.swift; path = Animal.swift; sourceTree = "<group>"; };
/* End PBXFileReference section */

/* Begin PBXFrameworksBuildPhase section */
		3F5640F422E27B0300CCA263 /* Frameworks */ = {
			isa = PBXFrameworksBuildPhase;
			buildActionMask = 2147483647;
			files = (
			);
			runOnlyForDeploymentPostprocessing = 0;
		};
/* End PBXFrameworksBuildPhase section */

/* Begin PBXGroup section */
		3F5640EE22E27B0300CCA263 = {
			isa = PBXGroup;
			children = (
				3F5640F922E27B0300CCA263 /* AulaTableView */,
				3F5640F822E27B0300CCA263 /* Products */,
			);
			sourceTree = "<group>";
		};
		3F5640F822E27B0300CCA263 /* Products */ = {
			isa = PBXGroup;
			children = (
				3F5640F722E27B0300CCA263 /* AulaTableView.app */,
			);
			name = Products;
			sourceTree = "<group>";
		};
		3F5640F922E27B0300CCA263 /* AulaTableView */ = {
			isa = PBXGroup;
			children = (
				3F56410E22E27B6800CCA263 /* View */,
				3F56410D22E27B6000CCA263 /* Model */,
				3F56410C22E27B4E00CCA263 /* Controller */,
				3F5640FA22E27B0300CCA263 /* AppDelegate.swift */,
				3F5640FC22E27B0300CCA263 /* ViewController.swift */,
				3F56410122E27B0300CCA263 /* Assets.xcassets */,
				3F56410322E27B0400CCA263 /* LaunchScreen.storyboard */,
				3F56410622E27B0400CCA263 /* Info.plist */,
			);
			path = AulaTableView;
			sourceTree = "<group>";
		};
		3F56410C22E27B4E00CCA263 /* Controller */ = {
			isa = PBXGroup;
			children = (
				3F56410F22E2813300CCA263 /* AnimalTableViewController.swift */,
				3F56411122E2818800CCA263 /* AnimalTableViewCell.swift */,
			);
			name = Controller;
			sourceTree = "<group>";
		};
		3F56410D22E27B6000CCA263 /* Model */ = {
			isa = PBXGroup;
			children = (
				3F56411522E2821900CCA263 /* Animal.swift */,
			);
			name = Model;
			sourceTree = "<group>";
		};
		3F56410E22E27B6800CCA263 /* View */ = {
			isa = PBXGroup;
			children = (
				3F5640FE22E27B0300CCA263 /* Main.storyboard */,
			);
			name = View;
			sourceTree = "<group>";
		};
/* End PBXGroup section */

/* Begin PBXNativeTarget section */
		3F5640F622E27B0300CCA263 /* AulaTableView */ = {
			isa = PBXNativeTarget;
			buildConfigurationList = 3F56410922E27B0400CCA263 /* Build configuration list for PBXNativeTarget "AulaTableView" */;
			buildPhases = (
				3F5640F322E27B0300CCA263 /* Sources */,
				3F5640F422E27B0300CCA263 /* Frameworks */,
				3F5640F522E27B0300CCA263 /* Resources */,
			);
			buildRules = (
			);
			dependencies = (
			);
			name = AulaTableView;
			productName = AulaTableView;
			productReference = 3F5640F722E27B0300CCA263 /* AulaTableView.app */;
			productType = "com.apple.product-type.application";
		};
/* End PBXNativeTarget section */

/* Begin PBXProject section */
		3F5640EF22E27B0300CCA263 /* Project object */ = {
			isa = PBXProject;
			attributes = {
				LastSwiftUpdateCheck = 0830;
				LastUpgradeCheck = 0830;
				ORGANIZATIONNAME = student;
				TargetAttributes = {
					3F5640F622E27B0300CCA263 = {
						CreatedOnToolsVersion = 8.3.3;
						ProvisioningStyle = Automatic;
					};
				};
			};
			buildConfigurationList = 3F5640F222E27B0300CCA263 /* Build configuration list for PBXProject "AulaTableView" */;
			compatibilityVersion = "Xcode 3.2";
			developmentRegion = English;
			hasScannedForEncodings = 0;
			knownRegions = (
				en,
				Base,
			);
			mainGroup = 3F5640EE22E27B0300CCA263;
			productRefGroup = 3F5640F822E27B0300CCA263 /* Products */;
			projectDirPath = "";
			projectRoot = "";
			targets = (
				3F5640F622E27B0300CCA263 /* AulaTableView */,
			);
		};
/* End PBXProject section */

/* Begin PBXResourcesBuildPhase section */
		3F5640F522E27B0300CCA263 /* Resources */ = {
			isa = PBXResourcesBuildPhase;
			buildActionMask = 2147483647;
			files = (
				3F56410522E27B0400CCA263 /* LaunchScreen.storyboard in Resources */,
				3F56410222E27B0300CCA263 /* Assets.xcassets in Resources */,
				3F56410022E27B0300CCA263 /* Main.storyboard in Resources */,
			);
			runOnlyForDeploymentPostprocessing = 0;
		};
/* End PBXResourcesBuildPhase section */

/* Begin PBXSourcesBuildPhase section */
		3F5640F322E27B0300CCA263 /* Sources */ = {
			isa = PBXSourcesBuildPhase;
			buildActionMask = 2147483647;
			files = (
				3F56411022E2813300CCA263 /* AnimalTableViewController.swift in Sources */,
				3F56411222E2818800CCA263 /* AnimalTableViewCell.swift in Sources */,
				3F5640FD22E27B0300CCA263 /* ViewController.swift in Sources */,
				3F5640FB22E27B0300CCA263 /* AppDelegate.swift in Sources */,
				3F56411622E2821900CCA263 /* Animal.swift in Sources */,
			);
			runOnlyForDeploymentPostprocessing = 0;
		};
/* End PBXSourcesBuildPhase section */

/* Begin PBXVariantGroup section */
		3F5640FE22E27B0300CCA263 /* Main.storyboard */ = {
			isa = PBXVariantGroup;
			children = (
				3F5640FF22E27B0300CCA263 /* Base */,
			);
			name = Main.storyboard;
			sourceTree = "<group>";
		};
		3F56410322E27B0400CCA263 /* LaunchScreen.storyboard */ = {
			isa = PBXVariantGroup;
			children = (
				3F56410422E27B0400CCA263 /* Base */,
			);
			name = LaunchScreen.storyboard;
			sourceTree = "<group>";
		};
/* End PBXVariantGroup section */

/* Begin XCBuildConfiguration section */
		3F56410722E27B0400CCA263 /* Debug */ = {
			isa = XCBuildConfiguration;
			buildSettings = {
				ALWAYS_SEARCH_USER_PATHS = NO;
				CLANG_ANALYZER_NONNULL = YES;
				CLANG_ANALYZER_NUMBER_OBJECT_CONVERSION = YES_AGGRESSIVE;
				CLANG_CXX_LANGUAGE_STANDARD = "gnu++0x";
				CLANG_CXX_LIBRARY = "libc++";
				CLANG_ENABLE_MODULES = YES;
				CLANG_ENABLE_OBJC_ARC = YES;
				CLANG_WARN_BOOL_CONVERSION = YES;
				CLANG_WARN_CONSTANT_CONVERSION = YES;
				CLANG_WARN_DIRECT_OBJC_ISA_USAGE = YES_ERROR;
				CLANG_WARN_DOCUMENTATION_COMMENTS = YES;
				CLANG_WARN_EMPTY_BODY = YES;
				CLANG_WARN_ENUM_CONVERSION = YES;
				CLANG_WARN_INFINITE_RECURSION = YES;
				CLANG_WARN_INT_CONVERSION = YES;
				CLANG_WARN_OBJC_ROOT_CLASS = YES_ERROR;
				CLANG_WARN_SUSPICIOUS_MOVE = YES;
				CLANG_WARN_UNREACHABLE_CODE = YES;
				CLANG_WARN__DUPLICATE_METHOD_MATCH = YES;
				"CODE_SIGN_IDENTITY[sdk=iphoneos*]" = "iPhone Developer";
				COPY_PHASE_STRIP = NO;
				DEBUG_INFORMATION_FORMAT = dwarf;
				ENABLE_STRICT_OBJC_MSGSEND = YES;
				ENABLE_TESTABILITY = YES;
				GCC_C_LANGUAGE_STANDARD = gnu99;
				GCC_DYNAMIC_NO_PIC = NO;
				GCC_NO_COMMON_BLOCKS = YES;
				GCC_OPTIMIZATION_LEVEL = 0;
				GCC_PREPROCESSOR_DEFINITIONS = (
					"DEBUG=1",
					"$(inherited)",
				);
				GCC_WARN_64_TO_32_BIT_CONVERSION = YES;
				GCC_WARN_ABOUT_RETURN_TYPE = YES_ERROR;
				GCC_WARN_UNDECLARED_SELECTOR = YES;
				GCC_WARN_UNINITIALIZED_AUTOS = YES_AGGRESSIVE;
				GCC_WARN_UNUSED_FUNCTION = YES;
				GCC_WARN_UNUSED_VARIABLE = YES;
				IPHONEOS_DEPLOYMENT_TARGET = 10.3;
				MTL_ENABLE_DEBUG_INFO = YES;
				ONLY_ACTIVE_ARCH = YES;
				SDKROOT = iphoneos;
				SWIFT_ACTIVE_COMPILATION_CONDITIONS = DEBUG;
				SWIFT_OPTIMIZATION_LEVEL = "-Onone";
				TARGETED_DEVICE_FAMILY = "1,2";
			};
			name = Debug;
		};
		3F56410822E27B0400CCA263 /* Release */ = {
			isa = XCBuildConfiguration;
			buildSettings = {
				ALWAYS_SEARCH_USER_PATHS = NO;
				CLANG_ANALYZER_NONNULL = YES;
				CLANG_ANALYZER_NUMBER_OBJECT_CONVERSION = YES_AGGRESSIVE;
				CLANG_CXX_LANGUAGE_STANDARD = "gnu++0x";
				CLANG_CXX_LIBRARY = "libc++";
				CLANG_ENABLE_MODULES = YES;
				CLANG_ENABLE_OBJC_ARC = YES;
				CLANG_WARN_BOOL_CONVERSION = YES;
				CLANG_WARN_CONSTANT_CONVERSION = YES;
				CLANG_WARN_DIRECT_OBJC_ISA_USAGE = YES_ERROR;
				CLANG_WARN_DOCUMENTATION_COMMENTS = YES;
				CLANG_WARN_EMPTY_BODY = YES;
				CLANG_WARN_ENUM_CONVERSION = YES;
				CLANG_WARN_INFINITE_RECURSION = YES;
				CLANG_WARN_INT_CONVERSION = YES;
				CLANG_WARN_OBJC_ROOT_CLASS = YES_ERROR;
				CLANG_WARN_SUSPICIOUS_MOVE = YES;
				CLANG_WARN_UNREACHABLE_CODE = YES;
				CLANG_WARN__DUPLICATE_METHOD_MATCH = YES;
				"CODE_SIGN_IDENTITY[sdk=iphoneos*]" = "iPhone Developer";
				COPY_PHASE_STRIP = NO;
				DEBUG_INFORMATION_FORMAT = "dwarf-with-dsym";
				ENABLE_NS_ASSERTIONS = NO;
				ENABLE_STRICT_OBJC_MSGSEND = YES;
				GCC_C_LANGUAGE_STANDARD = gnu99;
				GCC_NO_COMMON_BLOCKS = YES;
				GCC_WARN_64_TO_32_BIT_CONVERSION = YES;
				GCC_WARN_ABOUT_RETURN_TYPE = YES_ERROR;
				GCC_WARN_UNDECLARED_SELECTOR = YES;
				GCC_WARN_UNINITIALIZED_AUTOS = YES_AGGRESSIVE;
				GCC_WARN_UNUSED_FUNCTION = YES;
				GCC_WARN_UNUSED_VARIABLE = YES;
				IPHONEOS_DEPLOYMENT_TARGET = 10.3;
				MTL_ENABLE_DEBUG_INFO = NO;
				SDKROOT = iphoneos;
				SWIFT_OPTIMIZATION_LEVEL = "-Owholemodule";
				TARGETED_DEVICE_FAMILY = "1,2";
				VALIDATE_PRODUCT = YES;
			};
			name = Release;
		};
		3F56410A22E27B0400CCA263 /* Debug */ = {
			isa = XCBuildConfiguration;
			buildSettings = {
				ASSETCATALOG_COMPILER_APPICON_NAME = AppIcon;
				INFOPLIST_FILE = AulaTableView/Info.plist;
				LD_RUNPATH_SEARCH_PATHS = "$(inherited) @executable_path/Frameworks";
				PRODUCT_BUNDLE_IDENTIFIER = com.hackatruck.AulaTableView;
				PRODUCT_NAME = "$(TARGET_NAME)";
				SWIFT_VERSION = 3.0;
			};
			name = Debug;
		};
		3F56410B22E27B0400CCA263 /* Release */ = {
			isa = XCBuildConfiguration;
			buildSettings = {
				ASSETCATALOG_COMPILER_APPICON_NAME = AppIcon;
				INFOPLIST_FILE = AulaTableView/Info.plist;
				LD_RUNPATH_SEARCH_PATHS = "$(inherited) @executable_path/Frameworks";
				PRODUCT_BUNDLE_IDENTIFIER = com.hackatruck.AulaTableView;
				PRODUCT_NAME = "$(TARGET_NAME)";
				SWIFT_VERSION = 3.0;
			};
			name = Release;
		};
/* End XCBuildConfiguration section */

/* Begin XCConfigurationList section */
		3F5640F222E27B0300CCA263 /* Build configuration list for PBXProject "AulaTableView" */ = {
			isa = XCConfigurationList;
			buildConfigurations = (
				3F56410722E27B0400CCA263 /* Debug */,
				3F56410822E27B0400CCA263 /* Release */,
			);
			defaultConfigurationIsVisible = 0;
			defaultConfigurationName = Release;
		};
		3F56410922E27B0400CCA263 /* Build configuration list for PBXNativeTarget "AulaTableView" */ = {
			isa = XCConfigurationList;
			buildConfigurations = (
				3F56410A22E27B0400CCA263 /* Debug */,
				3F56410B22E27B0400CCA263 /* Release */,
			);
			defaultConfigurationIsVisible = 0;
		};
/* End XCConfigurationList section */
	};
	rootObject = 3F5640EF22E27B0300CCA263 /* Project object */;
}
